
Microsoft Visual Studio Solution File, Format Version 12.00
# Visual Studio Version 16
VisualStudioVersion = 16.0.29509.3
MinimumVisualStudioVersion = 10.0.40219.1
Project("{9A19103F-16F7-4668-BE54-9A1E7A4F7556}") = "ChromeWrapper", "ChromeWrapper\ChromeWrapper.csproj", "{2E54B667-7E23-4D5B-8640-56FCCAE69473}"
EndProject
Project("{9A19103F-16F7-4668-BE54-9A1E7A4F7556}") = "ConsoleSample", "ConsoleSample\ConsoleSample.csproj", "{37DF98DB-2AEE-4303-9CAB-E370FF76805C}"
EndProject
Project("{FAE04EC0-301F-11D3-BF4B-00C04F79EFBC}") = "BlazorSample", "BlazorSample\BlazorSample.csproj", "{752A661D-20DC-4234-AC1C-6CF0020205D8}"
EndProject
Global
	GlobalSection(SolutionConfigurationPlatforms) = preSolution
		Debug|Any CPU = Debug|Any CPU
		Release|Any CPU = Release|Any CPU
	EndGlobalSection
	GlobalSection(ProjectConfigurationPlatforms) = postSolution
		{2E54B667-7E23-4D5B-8640-56FCCAE69473}.Debug|Any CPU.ActiveCfg = Debug|Any CPU
		{2E54B667-7E23-4D5B-8640-56FCCAE69473}.Debug|Any CPU.Build.0 = Debug|Any CPU
		{2E54B667-7E23-4D5B-8640-56FCCAE69473}.Release|Any CPU.ActiveCfg = Release|Any CPU
		{2E54B667-7E23-4D5B-8640-56FCCAE69473}.Release|Any CPU.Build.0 = Release|Any CPU
		{37DF98DB-2AEE-4303-9CAB-E370FF76805C}.Debug|Any CPU.ActiveCfg = Debug|Any CPU
		{37DF98DB-2AEE-4303-9CAB-E370FF76805C}.Debug|Any CPU.Build.0 = Debug|Any CPU
		{37DF98DB-2AEE-4303-9CAB-E370FF76805C}.Release|Any CPU.ActiveCfg = Release|Any CPU
		{37DF98DB-2AEE-4303-9CAB-E370FF76805C}.Release|Any CPU.Build.0 = Release|Any CPU
		{752A661D-20DC-4234-AC1C-6CF0020205D8}.Debug|Any CPU.ActiveCfg = Debug|Any CPU
		{752A661D-20DC-4234-AC1C-6CF0020205D8}.Debug|Any CPU.Build.0 = Debug|Any CPU
		{752A661D-20DC-4234-AC1C-6CF0020205D8}.Release|Any CPU.ActiveCfg = Release|Any CPU
		{752A661D-20DC-4234-AC1C-6CF0020205D8}.Release|Any CPU.Build.0 = Release|Any CPU
	EndGlobalSection
	GlobalSection(SolutionProperties) = preSolution
		HideSolutionNode = FALSE
	EndGlobalSection
	GlobalSection(ExtensibilityGlobals) = postSolution
		SolutionGuid = {36A5C38F-46FF-484A-9C23-E0B8CE7A8A8A}
	EndGlobalSection
EndGlobal
